
Microsoft Visual Studio Solution File, Format Version 12.00
# Visual Studio Version 17
VisualStudioVersion = 17.5.33516.290
MinimumVisualStudioVersion = 10.0.40219.1
Project("{FAE04EC0-301F-11D3-BF4B-00C04F79EFBC}") = "FileScanner", "FileScanner\FileScanner.csproj", "{EAFEBAA8-0550-46C7-A147-1F7C569DBCC5}"
EndProject
Global
	GlobalSection(SolutionConfigurationPlatforms) = preSolution
		Debug|Any CPU = Debug|Any CPU
		Release|Any CPU = Release|Any CPU
	EndGlobalSection
	GlobalSection(ProjectConfigurationPlatforms) = postSolution
		{EAFEBAA8-0550-46C7-A147-1F7C569DBCC5}.Debug|Any CPU.ActiveCfg = Debug|Any CPU
		{EAFEBAA8-0550-46C7-A147-1F7C569DBCC5}.Debug|Any CPU.Build.0 = Debug|Any CPU
		{EAFEBAA8-0550-46C7-A147-1F7C569DBCC5}.Release|Any CPU.ActiveCfg = Release|Any CPU
		{EAFEBAA8-0550-46C7-A147-1F7C569DBCC5}.Release|Any CPU.Build.0 = Release|Any CPU
	EndGlobalSection
	GlobalSection(SolutionProperties) = preSolution
		HideSolutionNode = FALSE
	EndGlobalSection
	GlobalSection(ExtensibilityGlobals) = postSolution
		SolutionGuid = {6F14C04D-93B8-4A0B-A500-446420A0E551}
	EndGlobalSection
EndGlobal
